{
  "name": "http-query",
  "version": "0.0.1",
  "lockfileVersion": 1,
  "requires": true,
  "dependencies": {
    "@ngrx/store": {
      "version": "12.0.0",
      "resolved": "https://registry.npmjs.org/@ngrx/store/-/store-12.0.0.tgz",
      "integrity": "sha512-aH6Neu+J6kmvYU1ns+fmEn3MKm3p33xVdv8qkWgk77pngDHaRENdThV+KorACkaYEWV2X2yAoKzE7s9XQVxEgQ==",
      "requires": {
        "tslib": "^2.0.0"
      },
      "dependencies": {
        "tslib": {
          "version": "2.2.0",
          "resolved": "https://registry.npmjs.org/tslib/-/tslib-2.2.0.tgz",
          "integrity": "sha512-gS9GVHRU+RGn5KQM2rllAlR3dU6m7AcpJKdtH8gFvQiC4Otgk98XnmMU+nZenHt/+VhnBPWwgrJsyrdcw6i23w=="
        }
      }
    }
  }
}
